
Microsoft Visual Studio Solution File, Format Version 12.00
Project("{FAE04EC0-301F-11D3-BF4B-00C04F79EFBC}") = "NativeSharp", "NativeSharp\NativeSharp.csproj", "{C1A844D2-2A19-46E3-92E7-A9CB70C4E7A5}"
EndProject
Project("{FAE04EC0-301F-11D3-BF4B-00C04F79EFBC}") = "TargetApp", "TargetApp\TargetApp.csproj", "{4B90F37A-713D-476E-B0D6-2CF8F556C197}"
EndProject
Project("{FAE04EC0-301F-11D3-BF4B-00C04F79EFBC}") = "NativeSharp.Lib", "NativeSharp.Lib\NativeSharp.Lib.csproj", "{C168D269-3A33-43D8-AD4F-2A8E19358749}"
EndProject
Project("{FAE04EC0-301F-11D3-BF4B-00C04F79EFBC}") = "NativeSharp.Lib.Tests", "NativeSharp.Lib.Tests\NativeSharp.Lib.Tests.csproj", "{0A505A3E-9D66-40A1-81A7-24BDF58F71E1}"
EndProject
Project("{FAE04EC0-301F-11D3-BF4B-00C04F79EFBC}") = "NativeSharp.Common", "NativeSharp.Common\NativeSharp.Common.csproj", "{A5959A4A-052F-45F9-9DA2-F5547515D6B5}"
EndProject
Project("{2150E333-8FDC-42A3-9474-1A3956D46DE8}") = "Common", "Common", "{981AAF94-ED66-4AA8-BD62-EBF84588C180}"
EndProject
Global
	GlobalSection(SolutionConfigurationPlatforms) = preSolution
		Debug|Any CPU = Debug|Any CPU
		Release|Any CPU = Release|Any CPU
	EndGlobalSection
	GlobalSection(ProjectConfigurationPlatforms) = postSolution
		{C1A844D2-2A19-46E3-92E7-A9CB70C4E7A5}.Debug|Any CPU.ActiveCfg = Debug|Any CPU
		{C1A844D2-2A19-46E3-92E7-A9CB70C4E7A5}.Debug|Any CPU.Build.0 = Debug|Any CPU
		{C1A844D2-2A19-46E3-92E7-A9CB70C4E7A5}.Release|Any CPU.ActiveCfg = Release|Any CPU
		{C1A844D2-2A19-46E3-92E7-A9CB70C4E7A5}.Release|Any CPU.Build.0 = Release|Any CPU
		{4B90F37A-713D-476E-B0D6-2CF8F556C197}.Debug|Any CPU.ActiveCfg = Debug|Any CPU
		{4B90F37A-713D-476E-B0D6-2CF8F556C197}.Debug|Any CPU.Build.0 = Debug|Any CPU
		{4B90F37A-713D-476E-B0D6-2CF8F556C197}.Release|Any CPU.ActiveCfg = Release|Any CPU
		{4B90F37A-713D-476E-B0D6-2CF8F556C197}.Release|Any CPU.Build.0 = Release|Any CPU
		{C168D269-3A33-43D8-AD4F-2A8E19358749}.Debug|Any CPU.ActiveCfg = Debug|Any CPU
		{C168D269-3A33-43D8-AD4F-2A8E19358749}.Debug|Any CPU.Build.0 = Debug|Any CPU
		{C168D269-3A33-43D8-AD4F-2A8E19358749}.Release|Any CPU.ActiveCfg = Release|Any CPU
		{C168D269-3A33-43D8-AD4F-2A8E19358749}.Release|Any CPU.Build.0 = Release|Any CPU
		{0A505A3E-9D66-40A1-81A7-24BDF58F71E1}.Debug|Any CPU.ActiveCfg = Debug|Any CPU
		{0A505A3E-9D66-40A1-81A7-24BDF58F71E1}.Debug|Any CPU.Build.0 = Debug|Any CPU
		{0A505A3E-9D66-40A1-81A7-24BDF58F71E1}.Release|Any CPU.ActiveCfg = Release|Any CPU
		{0A505A3E-9D66-40A1-81A7-24BDF58F71E1}.Release|Any CPU.Build.0 = Release|Any CPU
		{A5959A4A-052F-45F9-9DA2-F5547515D6B5}.Debug|Any CPU.ActiveCfg = Debug|Any CPU
		{A5959A4A-052F-45F9-9DA2-F5547515D6B5}.Debug|Any CPU.Build.0 = Debug|Any CPU
		{A5959A4A-052F-45F9-9DA2-F5547515D6B5}.Release|Any CPU.ActiveCfg = Release|Any CPU
		{A5959A4A-052F-45F9-9DA2-F5547515D6B5}.Release|Any CPU.Build.0 = Release|Any CPU
	EndGlobalSection
EndGlobal
